// !$*UTF8*$!
{
	archiveVersion = 1;
	classes = {
	};
	objectVersion = 50;
	objects = {

/* Begin PBXBuildFile section */
		0F841EDB23045508704471A1 /* Pods_yologleTests.framework in Frameworks */ = {isa = PBXBuildFile; fileRef = CCF8DC528E96BA500C66E432 /* Pods_yologleTests.framework */; };
		86DB7F34BF7EB56D504F5965 /* Pods_yologle.framework in Frameworks */ = {isa = PBXBuildFile; fileRef = C3EE2427D761ABA798FC95D4 /* Pods_yologle.framework */; };
		9100EEB72288FAD4008DD267 /* ActionManager.swift in Sources */ = {isa = PBXBuildFile; fileRef = 9100EEB62288FAD4008DD267 /* ActionManager.swift */; };
		917C873422833F18002BF37F /* SwipeViewController.swift in Sources */ = {isa = PBXBuildFile; fileRef = 917C873322833F18002BF37F /* SwipeViewController.swift */; };
		9186A9B6228122BF0095FB60 /* CameraController.swift in Sources */ = {isa = PBXBuildFile; fileRef = 9186A9B5228122BF0095FB60 /* CameraController.swift */; };
		9186A9B922812B660095FB60 /* ObjectDetector.mlmodel in Sources */ = {isa = PBXBuildFile; fileRef = 9186A9B72281242C0095FB60 /* ObjectDetector.mlmodel */; };
		9186A9BB2281E6FB0095FB60 /* About.txt in Resources */ = {isa = PBXBuildFile; fileRef = 9186A9BA2281E4170095FB60 /* About.txt */; };
		9186A9BE2281E8DE0095FB60 /* AccountViewController.swift in Sources */ = {isa = PBXBuildFile; fileRef = 9186A9BC2281E8DE0095FB60 /* AccountViewController.swift */; };
		9186A9BF2281E8DE0095FB60 /* TermsViewController.swift in Sources */ = {isa = PBXBuildFile; fileRef = 9186A9BD2281E8DE0095FB60 /* TermsViewController.swift */; };
		9186A9C2228231240095FB60 /* UserManager.swift in Sources */ = {isa = PBXBuildFile; fileRef = 9186A9C1228231230095FB60 /* UserManager.swift */; };
		918EEA722280EC8D00920FF8 /* AppDelegate.swift in Sources */ = {isa = PBXBuildFile; fileRef = 918EEA712280EC8D00920FF8 /* AppDelegate.swift */; };
		918EEA742280EC8D00920FF8 /* ViewController.swift in Sources */ = {isa = PBXBuildFile; fileRef = 918EEA732280EC8D00920FF8 /* ViewController.swift */; };
		918EEA772280EC8D00920FF8 /* Main.storyboard in Resources */ = {isa = PBXBuildFile; fileRef = 918EEA752280EC8D00920FF8 /* Main.storyboard */; };
		918EEA792280EC8F00920FF8 /* Assets.xcassets in Resources */ = {isa = PBXBuildFile; fileRef = 918EEA782280EC8F00920FF8 /* Assets.xcassets */; };
		918EEA7C2280EC8F00920FF8 /* LaunchScreen.storyboard in Resources */ = {isa = PBXBuildFile; fileRef = 918EEA7A2280EC8F00920FF8 /* LaunchScreen.storyboard */; };
		918EEA872280EC8F00920FF8 /* yologleTests.swift in Sources */ = {isa = PBXBuildFile; fileRef = 918EEA862280EC8F00920FF8 /* yologleTests.swift */; };
		918EEA932280ECA100920FF8 /* StoreKit.framework in Frameworks */ = {isa = PBXBuildFile; fileRef = 918EEA922280ECA100920FF8 /* StoreKit.framework */; };
		918EEA972280F67C00920FF8 /* ActionViewController.swift in Sources */ = {isa = PBXBuildFile; fileRef = 918EEA962280F67C00920FF8 /* ActionViewController.swift */; };
		918EEA992280F69000920FF8 /* SettingsViewController.swift in Sources */ = {isa = PBXBuildFile; fileRef = 918EEA982280F69000920FF8 /* SettingsViewController.swift */; };
		918EEA9B2280F9E600920FF8 /* PolyCatViewController.swift in Sources */ = {isa = PBXBuildFile; fileRef = 918EEA9A2280F9E600920FF8 /* PolyCatViewController.swift */; };
		918EEA9D2280FB0500920FF8 /* MFPolyEdit.swift in Sources */ = {isa = PBXBuildFile; fileRef = 918EEA9C2280FB0500920FF8 /* MFPolyEdit.swift */; };
		918EEAA02280FB2A00920FF8 /* MFColors.swift in Sources */ = {isa = PBXBuildFile; fileRef = 918EEA9E2280FB2A00920FF8 /* MFColors.swift */; };
		918EEAA12280FB2A00920FF8 /* MFButtons.swift in Sources */ = {isa = PBXBuildFile; fileRef = 918EEA9F2280FB2A00920FF8 /* MFButtons.swift */; };
		918EEAA32280FBA800920FF8 /* DataSetManager.swift in Sources */ = {isa = PBXBuildFile; fileRef = 918EEAA22280FBA800920FF8 /* DataSetManager.swift */; };
		918EEAA52281005C00920FF8 /* GoogleService-Info.plist in Resources */ = {isa = PBXBuildFile; fileRef = 918EEAA42281005C00920FF8 /* GoogleService-Info.plist */; };
		91A655C22284DF1A00DEFCEB /* SetActionViewController.swift in Sources */ = {isa = PBXBuildFile; fileRef = 91A655C12284DF1A00DEFCEB /* SetActionViewController.swift */; };
		91F4087E228B3FC300ACCE92 /* OverlayTextView.swift in Sources */ = {isa = PBXBuildFile; fileRef = 91F4087D228B3FC300ACCE92 /* OverlayTextView.swift */; };
		91F40880228B96AB00ACCE92 /* OverlayYOLOView.swift in Sources */ = {isa = PBXBuildFile; fileRef = 91F4087F228B96AB00ACCE92 /* OverlayYOLOView.swift */; };
		91F40882228BA7C300ACCE92 /* PerformanceHUDView.swift in Sources */ = {isa = PBXBuildFile; fileRef = 91F40881228BA7C300ACCE92 /* PerformanceHUDView.swift */; };
/* End PBXBuildFile section */

/* Begin PBXContainerItemProxy section */
		918EEA832280EC8F00920FF8 /* PBXContainerItemProxy */ = {
			isa = PBXContainerItemProxy;
			containerPortal = 918EEA662280EC8C00920FF8 /* Project object */;
			proxyType = 1;
			remoteGlobalIDString = 918EEA6D2280EC8C00920FF8;
			remoteInfo = yologle;
		};
/* End PBXContainerItemProxy section */

/* Begin PBXCopyFilesBuildPhase section */
		9186A9D5228263650095FB60 /* Embed App Extensions */ = {
			isa = PBXCopyFilesBuildPhase;
			buildActionMask = 2147483647;
			dstPath = "";
			dstSubfolderSpec = 13;
			files = (
			);
			name = "Embed App Extensions";
			runOnlyForDeploymentPostprocessing = 0;
		};
/* End PBXCopyFilesBuildPhase section */

/* Begin PBXFileReference section */
		179B143F114C07F7032FE172 /* Pods-yologleTests.debug.xcconfig */ = {isa = PBXFileReference; includeInIndex = 1; lastKnownFileType = text.xcconfig; name = "Pods-yologleTests.debug.xcconfig"; path = "Target Support Files/Pods-yologleTests/Pods-yologleTests.debug.xcconfig"; sourceTree = "<group>"; };
		30F40DECC45A330E2F9DC548 /* Pods-yologle.debug.xcconfig */ = {isa = PBXFileReference; includeInIndex = 1; lastKnownFileType = text.xcconfig; name = "Pods-yologle.debug.xcconfig"; path = "Target Support Files/Pods-yologle/Pods-yologle.debug.xcconfig"; sourceTree = "<group>"; };
		361CDBD25A0B9683BA7E3568 /* Pods-yologleTests.release.xcconfig */ = {isa = PBXFileReference; includeInIndex = 1; lastKnownFileType = text.xcconfig; name = "Pods-yologleTests.release.xcconfig"; path = "Target Support Files/Pods-yologleTests/Pods-yologleTests.release.xcconfig"; sourceTree = "<group>"; };
		9100EEB62288FAD4008DD267 /* ActionManager.swift */ = {isa = PBXFileReference; lastKnownFileType = sourcecode.swift; path = ActionManager.swift; sourceTree = "<group>"; };
		917C873322833F18002BF37F /* SwipeViewController.swift */ = {isa = PBXFileReference; lastKnownFileType = sourcecode.swift; path = SwipeViewController.swift; sourceTree = "<group>"; };
		9186A9B5228122BF0095FB60 /* CameraController.swift */ = {isa = PBXFileReference; lastKnownFileType = sourcecode.swift; path = CameraController.swift; sourceTree = "<group>"; };
		9186A9B72281242C0095FB60 /* ObjectDetector.mlmodel */ = {isa = PBXFileReference; lastKnownFileType = file.mlmodel; path = ObjectDetector.mlmodel; sourceTree = "<group>"; };
		9186A9BA2281E4170095FB60 /* About.txt */ = {isa = PBXFileReference; lastKnownFileType = text; path = About.txt; sourceTree = "<group>"; };
		9186A9BC2281E8DE0095FB60 /* AccountViewController.swift */ = {isa = PBXFileReference; lastKnownFileType = sourcecode.swift; path = AccountViewController.swift; sourceTree = "<group>"; };
		9186A9BD2281E8DE0095FB60 /* TermsViewController.swift */ = {isa = PBXFileReference; lastKnownFileType = sourcecode.swift; path = TermsViewController.swift; sourceTree = "<group>"; };
		9186A9C1228231230095FB60 /* UserManager.swift */ = {isa = PBXFileReference; lastKnownFileType = sourcecode.swift; path = UserManager.swift; sourceTree = "<group>"; };
		918EEA6E2280EC8D00920FF8 /* yologle.app */ = {isa = PBXFileReference; explicitFileType = wrapper.application; includeInIndex = 0; path = yologle.app; sourceTree = BUILT_PRODUCTS_DIR; };
		918EEA712280EC8D00920FF8 /* AppDelegate.swift */ = {isa = PBXFileReference; lastKnownFileType = sourcecode.swift; path = AppDelegate.swift; sourceTree = "<group>"; };
		918EEA732280EC8D00920FF8 /* ViewController.swift */ = {isa = PBXFileReference; lastKnownFileType = sourcecode.swift; path = ViewController.swift; sourceTree = "<group>"; };
		918EEA762280EC8D00920FF8 /* Base */ = {isa = PBXFileReference; lastKnownFileType = file.storyboard; name = Base; path = Base.lproj/Main.storyboard; sourceTree = "<group>"; };
		918EEA782280EC8F00920FF8 /* Assets.xcassets */ = {isa = PBXFileReference; lastKnownFileType = folder.assetcatalog; path = Assets.xcassets; sourceTree = "<group>"; };
		918EEA7B2280EC8F00920FF8 /* Base */ = {isa = PBXFileReference; lastKnownFileType = file.storyboard; name = Base; path = Base.lproj/LaunchScreen.storyboard; sourceTree = "<group>"; };
		918EEA7D2280EC8F00920FF8 /* Info.plist */ = {isa = PBXFileReference; lastKnownFileType = text.plist.xml; path = Info.plist; sourceTree = "<group>"; };
		918EEA822280EC8F00920FF8 /* yologleTests.xctest */ = {isa = PBXFileReference; explicitFileType = wrapper.cfbundle; includeInIndex = 0; path = yologleTests.xctest; sourceTree = BUILT_PRODUCTS_DIR; };
		918EEA862280EC8F00920FF8 /* yologleTests.swift */ = {isa = PBXFileReference; lastKnownFileType = sourcecode.swift; path = yologleTests.swift; sourceTree = "<group>"; };
		918EEA882280EC8F00920FF8 /* Info.plist */ = {isa = PBXFileReference; lastKnownFileType = text.plist.xml; path = Info.plist; sourceTree = "<group>"; };
		918EEA922280ECA100920FF8 /* StoreKit.framework */ = {isa = PBXFileReference; lastKnownFileType = wrapper.framework; name = StoreKit.framework; path = System/Library/Frameworks/StoreKit.framework; sourceTree = SDKROOT; };
		918EEA942280ECA600920FF8 /* yologle.entitlements */ = {isa = PBXFileReference; lastKnownFileType = text.plist.entitlements; path = yologle.entitlements; sourceTree = "<group>"; };
		918EEA962280F67C00920FF8 /* ActionViewController.swift */ = {isa = PBXFileReference; lastKnownFileType = sourcecode.swift; path = ActionViewController.swift; sourceTree = "<group>"; };
		918EEA982280F69000920FF8 /* SettingsViewController.swift */ = {isa = PBXFileReference; lastKnownFileType = sourcecode.swift; path = SettingsViewController.swift; sourceTree = "<group>"; };
		918EEA9A2280F9E600920FF8 /* PolyCatViewController.swift */ = {isa = PBXFileReference; lastKnownFileType = sourcecode.swift; path = PolyCatViewController.swift; sourceTree = "<group>"; };
		918EEA9C2280FB0500920FF8 /* MFPolyEdit.swift */ = {isa = PBXFileReference; lastKnownFileType = sourcecode.swift; path = MFPolyEdit.swift; sourceTree = "<group>"; };
		918EEA9E2280FB2A00920FF8 /* MFColors.swift */ = {isa = PBXFileReference; lastKnownFileType = sourcecode.swift; path = MFColors.swift; sourceTree = "<group>"; };
		918EEA9F2280FB2A00920FF8 /* MFButtons.swift */ = {isa = PBXFileReference; lastKnownFileType = sourcecode.swift; path = MFButtons.swift; sourceTree = "<group>"; };
		918EEAA22280FBA800920FF8 /* DataSetManager.swift */ = {isa = PBXFileReference; lastKnownFileType = sourcecode.swift; path = DataSetManager.swift; sourceTree = "<group>"; };
		918EEAA42281005C00920FF8 /* GoogleService-Info.plist */ = {isa = PBXFileReference; fileEncoding = 4; lastKnownFileType = text.plist.xml; path = "GoogleService-Info.plist"; sourceTree = "<group>"; };
		918EEAA62281006800920FF8 /* README.md */ = {isa = PBXFileReference; lastKnownFileType = net.daringfireball.markdown; path = README.md; sourceTree = "<group>"; };
		918EEAA72281006800920FF8 /* Podfile */ = {isa = PBXFileReference; lastKnownFileType = text; path = Podfile; sourceTree = "<group>"; xcLanguageSpecificationIdentifier = xcode.lang.ruby; };
		91A655C12284DF1A00DEFCEB /* SetActionViewController.swift */ = {isa = PBXFileReference; lastKnownFileType = sourcecode.swift; path = SetActionViewController.swift; sourceTree = "<group>"; };
		91F4087D228B3FC300ACCE92 /* OverlayTextView.swift */ = {isa = PBXFileReference; lastKnownFileType = sourcecode.swift; path = OverlayTextView.swift; sourceTree = "<group>"; };
		91F4087F228B96AB00ACCE92 /* OverlayYOLOView.swift */ = {isa = PBXFileReference; lastKnownFileType = sourcecode.swift; path = OverlayYOLOView.swift; sourceTree = "<group>"; };
		91F40881228BA7C300ACCE92 /* PerformanceHUDView.swift */ = {isa = PBXFileReference; lastKnownFileType = sourcecode.swift; path = PerformanceHUDView.swift; sourceTree = "<group>"; };
		9542E64E2F0D2EB969D5D4CA /* Pods-yologle.release.xcconfig */ = {isa = PBXFileReference; includeInIndex = 1; lastKnownFileType = text.xcconfig; name = "Pods-yologle.release.xcconfig"; path = "Target Support Files/Pods-yologle/Pods-yologle.release.xcconfig"; sourceTree = "<group>"; };
		C3EE2427D761ABA798FC95D4 /* Pods_yologle.framework */ = {isa = PBXFileReference; explicitFileType = wrapper.framework; includeInIndex = 0; path = Pods_yologle.framework; sourceTree = BUILT_PRODUCTS_DIR; };
		CCF8DC528E96BA500C66E432 /* Pods_yologleTests.framework */ = {isa = PBXFileReference; explicitFileType = wrapper.framework; includeInIndex = 0; path = Pods_yologleTests.framework; sourceTree = BUILT_PRODUCTS_DIR; };
/* End PBXFileReference section */

/* Begin PBXFrameworksBuildPhase section */
		918EEA6B2280EC8C00920FF8 /* Frameworks */ = {
			isa = PBXFrameworksBuildPhase;
			buildActionMask = 2147483647;
			files = (
				918EEA932280ECA100920FF8 /* StoreKit.framework in Frameworks */,
				86DB7F34BF7EB56D504F5965 /* Pods_yologle.framework in Frameworks */,
			);
			runOnlyForDeploymentPostprocessing = 0;
		};
		918EEA7F2280EC8F00920FF8 /* Frameworks */ = {
			isa = PBXFrameworksBuildPhase;
			buildActionMask = 2147483647;
			files = (
				0F841EDB23045508704471A1 /* Pods_yologleTests.framework in Frameworks */,
			);
			runOnlyForDeploymentPostprocessing = 0;
		};
/* End PBXFrameworksBuildPhase section */

/* Begin PBXGroup section */
		918EEA652280EC8C00920FF8 = {
			isa = PBXGroup;
			children = (
				918EEAA62281006800920FF8 /* README.md */,
				918EEAA72281006800920FF8 /* Podfile */,
				918EEA702280EC8D00920FF8 /* yologle */,
				918EEA852280EC8F00920FF8 /* yologleTests */,
				918EEA6F2280EC8D00920FF8 /* Products */,
				918EEA912280ECA100920FF8 /* Frameworks */,
				D8CC4DD5E34B7F663BC49D7E /* Pods */,
			);
			sourceTree = "<group>";
		};
		918EEA6F2280EC8D00920FF8 /* Products */ = {
			isa = PBXGroup;
			children = (
				918EEA6E2280EC8D00920FF8 /* yologle.app */,
				918EEA822280EC8F00920FF8 /* yologleTests.xctest */,
			);
			name = Products;
			sourceTree = "<group>";
		};
		918EEA702280EC8D00920FF8 /* yologle */ = {
			isa = PBXGroup;
			children = (
				918EEA712280EC8D00920FF8 /* AppDelegate.swift */,
				917C873322833F18002BF37F /* SwipeViewController.swift */,
				918EEA732280EC8D00920FF8 /* ViewController.swift */,
				91F4087D228B3FC300ACCE92 /* OverlayTextView.swift */,
				91F4087F228B96AB00ACCE92 /* OverlayYOLOView.swift */,
				9186A9B5228122BF0095FB60 /* CameraController.swift */,
				91F40881228BA7C300ACCE92 /* PerformanceHUDView.swift */,
				918EEA962280F67C00920FF8 /* ActionViewController.swift */,
				91A655C12284DF1A00DEFCEB /* SetActionViewController.swift */,
				918EEA982280F69000920FF8 /* SettingsViewController.swift */,
				9186A9BC2281E8DE0095FB60 /* AccountViewController.swift */,
				9186A9BD2281E8DE0095FB60 /* TermsViewController.swift */,
				9186A9C1228231230095FB60 /* UserManager.swift */,
				918EEAA22280FBA800920FF8 /* DataSetManager.swift */,
				9100EEB62288FAD4008DD267 /* ActionManager.swift */,
				918EEA9A2280F9E600920FF8 /* PolyCatViewController.swift */,
				918EEA9C2280FB0500920FF8 /* MFPolyEdit.swift */,
				918EEA9F2280FB2A00920FF8 /* MFButtons.swift */,
				918EEA9E2280FB2A00920FF8 /* MFColors.swift */,
				9186A9B72281242C0095FB60 /* ObjectDetector.mlmodel */,
				918EEA782280EC8F00920FF8 /* Assets.xcassets */,
				918EEA752280EC8D00920FF8 /* Main.storyboard */,
				918EEA7A2280EC8F00920FF8 /* LaunchScreen.storyboard */,
				918EEA952280ECCF00920FF8 /* Support */,
			);
			path = yologle;
			sourceTree = "<group>";
		};
		918EEA852280EC8F00920FF8 /* yologleTests */ = {
			isa = PBXGroup;
			children = (
				918EEA862280EC8F00920FF8 /* yologleTests.swift */,
				918EEA882280EC8F00920FF8 /* Info.plist */,
			);
			path = yologleTests;
			sourceTree = "<group>";
		};
		918EEA912280ECA100920FF8 /* Frameworks */ = {
			isa = PBXGroup;
			children = (
				918EEA922280ECA100920FF8 /* StoreKit.framework */,
				C3EE2427D761ABA798FC95D4 /* Pods_yologle.framework */,
				CCF8DC528E96BA500C66E432 /* Pods_yologleTests.framework */,
			);
			name = Frameworks;
			sourceTree = "<group>";
		};
		918EEA952280ECCF00920FF8 /* Support */ = {
			isa = PBXGroup;
			children = (
				918EEA7D2280EC8F00920FF8 /* Info.plist */,
				918EEA942280ECA600920FF8 /* yologle.entitlements */,
				9186A9BA2281E4170095FB60 /* About.txt */,
				918EEAA42281005C00920FF8 /* GoogleService-Info.plist */,
			);
			path = Support;
			sourceTree = "<group>";
		};
		D8CC4DD5E34B7F663BC49D7E /* Pods */ = {
			isa = PBXGroup;
			children = (
				30F40DECC45A330E2F9DC548 /* Pods-yologle.debug.xcconfig */,
				9542E64E2F0D2EB969D5D4CA /* Pods-yologle.release.xcconfig */,
				179B143F114C07F7032FE172 /* Pods-yologleTests.debug.xcconfig */,
				361CDBD25A0B9683BA7E3568 /* Pods-yologleTests.release.xcconfig */,
			);
			path = Pods;
			sourceTree = "<group>";
		};
/* End PBXGroup section */

/* Begin PBXNativeTarget section */
		918EEA6D2280EC8C00920FF8 /* yologle */ = {
			isa = PBXNativeTarget;
			buildConfigurationList = 918EEA8B2280EC8F00920FF8 /* Build configuration list for PBXNativeTarget "yologle" */;
			buildPhases = (
				E61D8DA73A29F3F4A3340463 /* [CP] Check Pods Manifest.lock */,
				918EEA6A2280EC8C00920FF8 /* Sources */,
				918EEA6B2280EC8C00920FF8 /* Frameworks */,
				918EEA6C2280EC8C00920FF8 /* Resources */,
				FA17F425C97BADF245DE379B /* [CP] Embed Pods Frameworks */,
				80042C1AF807959AF713F071 /* [CP] Copy Pods Resources */,
				9186A9C0228203C90095FB60 /* ShellScript */,
				9186A9D5228263650095FB60 /* Embed App Extensions */,
			);
			buildRules = (
			);
			dependencies = (
			);
			name = yologle;
			productName = yologle;
			productReference = 918EEA6E2280EC8D00920FF8 /* yologle.app */;
			productType = "com.apple.product-type.application";
		};
		918EEA812280EC8F00920FF8 /* yologleTests */ = {
			isa = PBXNativeTarget;
			buildConfigurationList = 918EEA8E2280EC8F00920FF8 /* Build configuration list for PBXNativeTarget "yologleTests" */;
			buildPhases = (
				0E2F8196E0C87A5768796E40 /* [CP] Check Pods Manifest.lock */,
				918EEA7E2280EC8F00920FF8 /* Sources */,
				918EEA7F2280EC8F00920FF8 /* Frameworks */,
				918EEA802280EC8F00920FF8 /* Resources */,
				0E41550DBB44EC40123DBBA5 /* [CP] Embed Pods Frameworks */,
			);
			buildRules = (
			);
			dependencies = (
				918EEA842280EC8F00920FF8 /* PBXTargetDependency */,
			);
			name = yologleTests;
			productName = yologleTests;
			productReference = 918EEA822280EC8F00920FF8 /* yologleTests.xctest */;
			productType = "com.apple.product-type.bundle.unit-test";
		};
/* End PBXNativeTarget section */

/* Begin PBXProject section */
		918EEA662280EC8C00920FF8 /* Project object */ = {
			isa = PBXProject;
			attributes = {
				LastSwiftUpdateCheck = 1010;
				LastUpgradeCheck = 1010;
				ORGANIZATIONNAME = "Mobile Flow LLC";
				TargetAttributes = {
					918EEA6D2280EC8C00920FF8 = {
						CreatedOnToolsVersion = 10.1;
						SystemCapabilities = {
							com.apple.InAppPurchase = {
								enabled = 1;
							};
							com.apple.Push = {
								enabled = 1;
							};
						};
					};
					918EEA812280EC8F00920FF8 = {
						CreatedOnToolsVersion = 10.1;
						TestTargetID = 918EEA6D2280EC8C00920FF8;
					};
				};
			};
			buildConfigurationList = 918EEA692280EC8C00920FF8 /* Build configuration list for PBXProject "yologle" */;
			compatibilityVersion = "Xcode 9.3";
			developmentRegion = en;
			hasScannedForEncodings = 0;
			knownRegions = (
				en,
				Base,
			);
			mainGroup = 918EEA652280EC8C00920FF8;
			productRefGroup = 918EEA6F2280EC8D00920FF8 /* Products */;
			projectDirPath = "";
			projectRoot = "";
			targets = (
				918EEA6D2280EC8C00920FF8 /* yologle */,
				918EEA812280EC8F00920FF8 /* yologleTests */,
			);
		};
/* End PBXProject section */

/* Begin PBXResourcesBuildPhase section */
		918EEA6C2280EC8C00920FF8 /* Resources */ = {
			isa = PBXResourcesBuildPhase;
			buildActionMask = 2147483647;
			files = (
				918EEA7C2280EC8F00920FF8 /* LaunchScreen.storyboard in Resources */,
				918EEAA52281005C00920FF8 /* GoogleService-Info.plist in Resources */,
				918EEA792280EC8F00920FF8 /* Assets.xcassets in Resources */,
				918EEA772280EC8D00920FF8 /* Main.storyboard in Resources */,
				9186A9BB2281E6FB0095FB60 /* About.txt in Resources */,
			);
			runOnlyForDeploymentPostprocessing = 0;
		};
		918EEA802280EC8F00920FF8 /* Resources */ = {
			isa = PBXResourcesBuildPhase;
			buildActionMask = 2147483647;
			files = (
			);
			runOnlyForDeploymentPostprocessing = 0;
		};
/* End PBXResourcesBuildPhase section */

/* Begin PBXShellScriptBuildPhase section */
		0E2F8196E0C87A5768796E40 /* [CP] Check Pods Manifest.lock */ = {
			isa = PBXShellScriptBuildPhase;
			buildActionMask = 2147483647;
			files = (
			);
			inputFileListPaths = (
			);
			inputPaths = (
				"${PODS_PODFILE_DIR_PATH}/Podfile.lock",
				"${PODS_ROOT}/Manifest.lock",
			);
			name = "[CP] Check Pods Manifest.lock";
			outputFileListPaths = (
			);
			outputPaths = (
				"$(DERIVED_FILE_DIR)/Pods-yologleTests-checkManifestLockResult.txt",
			);
			runOnlyForDeploymentPostprocessing = 0;
			shellPath = /bin/sh;
			shellScript = "diff \"${PODS_PODFILE_DIR_PATH}/Podfile.lock\" \"${PODS_ROOT}/Manifest.lock\" > /dev/null\nif [ $? != 0 ] ; then\n    # print error to STDERR\n    echo \"error: The sandbox is not in sync with the Podfile.lock. Run 'pod install' or update your CocoaPods installation.\" >&2\n    exit 1\nfi\n# This output is used by Xcode 'outputs' to avoid re-running this script phase.\necho \"SUCCESS\" > \"${SCRIPT_OUTPUT_FILE_0}\"\n";
			showEnvVarsInLog = 0;
		};
		0E41550DBB44EC40123DBBA5 /* [CP] Embed Pods Frameworks */ = {
			isa = PBXShellScriptBuildPhase;
			buildActionMask = 2147483647;
			files = (
			);
			inputFileListPaths = (
			);
			inputPaths = (
				"${PODS_ROOT}/Target Support Files/Pods-yologleTests/Pods-yologleTests-frameworks.sh",
				"${BUILT_PRODUCTS_DIR}/Nimble/Nimble.framework",
			);
			name = "[CP] Embed Pods Frameworks";
			outputFileListPaths = (
			);
			outputPaths = (
				"${TARGET_BUILD_DIR}/${FRAMEWORKS_FOLDER_PATH}/Nimble.framework",
			);
			runOnlyForDeploymentPostprocessing = 0;
			shellPath = /bin/sh;
			shellScript = "\"${PODS_ROOT}/Target Support Files/Pods-yologleTests/Pods-yologleTests-frameworks.sh\"\n";
			showEnvVarsInLog = 0;
		};
		80042C1AF807959AF713F071 /* [CP] Copy Pods Resources */ = {
			isa = PBXShellScriptBuildPhase;
			buildActionMask = 2147483647;
			files = (
			);
			inputFileListPaths = (
			);
			inputPaths = (
				"${PODS_ROOT}/Target Support Files/Pods-yologle/Pods-yologle-resources.sh",
				"${PODS_CONFIGURATION_BUILD_DIR}/FirebaseUI/FirebaseAuthUI.bundle",
				"${PODS_CONFIGURATION_BUILD_DIR}/GoogleMobileVision/GoogleMVTextDetectorResources.bundle",
			);
			name = "[CP] Copy Pods Resources";
			outputFileListPaths = (
			);
			outputPaths = (
				"${TARGET_BUILD_DIR}/${UNLOCALIZED_RESOURCES_FOLDER_PATH}/FirebaseAuthUI.bundle",
				"${TARGET_BUILD_DIR}/${UNLOCALIZED_RESOURCES_FOLDER_PATH}/GoogleMVTextDetectorResources.bundle",
			);
			runOnlyForDeploymentPostprocessing = 0;
			shellPath = /bin/sh;
			shellScript = "\"${PODS_ROOT}/Target Support Files/Pods-yologle/Pods-yologle-resources.sh\"\n";
			showEnvVarsInLog = 0;
		};
		9186A9C0228203C90095FB60 /* ShellScript */ = {
			isa = PBXShellScriptBuildPhase;
			buildActionMask = 2147483647;
			files = (
			);
			inputFileListPaths = (
			);
			inputPaths = (
			);
			outputFileListPaths = (
			);
			outputPaths = (
			);
			runOnlyForDeploymentPostprocessing = 0;
			shellPath = /bin/sh;
			shellScript = "# Type a script or drag a script file from your workspace to inse# Ty#printenv | sort > ~/xcode_environ_vars.txt\nOLD_NUMBER=`/usr/libexec/PlistBuddy -c \"Print CFBundleVersion\" \"$PRODUCT_SETTINGS_PATH\"`\nNEW_NUMBER=$((OLD_NUMBER+=1))\n`/usr/libexec/PlistBuddy -c \"Set CFBundleVersion $NEW_NUMBER\" \"$PRODUCT_SETTINGS_PATH\"`\n\n";
		};
		E61D8DA73A29F3F4A3340463 /* [CP] Check Pods Manifest.lock */ = {
			isa = PBXShellScriptBuildPhase;
			buildActionMask = 2147483647;
			files = (
			);
			inputFileListPaths = (
			);
			inputPaths = (
				"${PODS_PODFILE_DIR_PATH}/Podfile.lock",
				"${PODS_ROOT}/Manifest.lock",
			);
			name = "[CP] Check Pods Manifest.lock";
			outputFileListPaths = (
			);
			outputPaths = (
				"$(DERIVED_FILE_DIR)/Pods-yologle-checkManifestLockResult.txt",
			);
			runOnlyForDeploymentPostprocessing = 0;
			shellPath = /bin/sh;
			shellScript = "diff \"${PODS_PODFILE_DIR_PATH}/Podfile.lock\" \"${PODS_ROOT}/Manifest.lock\" > /dev/null\nif [ $? != 0 ] ; then\n    # print error to STDERR\n    echo \"error: The sandbox is not in sync with the Podfile.lock. Run 'pod install' or update your CocoaPods installation.\" >&2\n    exit 1\nfi\n# This output is used by Xcode 'outputs' to avoid re-running this script phase.\necho \"SUCCESS\" > \"${SCRIPT_OUTPUT_FILE_0}\"\n";
			showEnvVarsInLog = 0;
		};
		FA17F425C97BADF245DE379B /* [CP] Embed Pods Frameworks */ = {
			isa = PBXShellScriptBuildPhase;
			buildActionMask = 2147483647;
			files = (
			);
			inputFileListPaths = (
			);
			inputPaths = (
				"${PODS_ROOT}/Target Support Files/Pods-yologle/Pods-yologle-frameworks.sh",
				"${BUILT_PRODUCTS_DIR}/BoringSSL-GRPC/openssl_grpc.framework",
				"${BUILT_PRODUCTS_DIR}/GTMSessionFetcher/GTMSessionFetcher.framework",
				"${BUILT_PRODUCTS_DIR}/GoogleAPIClientForREST/GoogleAPIClientForREST.framework",
				"${BUILT_PRODUCTS_DIR}/GoogleToolboxForMac/GoogleToolboxForMac.framework",
				"${BUILT_PRODUCTS_DIR}/GoogleUtilities/GoogleUtilities.framework",
				"${BUILT_PRODUCTS_DIR}/Protobuf/Protobuf.framework",
				"${BUILT_PRODUCTS_DIR}/SDWebImage/SDWebImage.framework",
				"${BUILT_PRODUCTS_DIR}/SwipeNavigationController/SwipeNavigationController.framework",
				"${BUILT_PRODUCTS_DIR}/gRPC-C++/grpcpp.framework",
				"${BUILT_PRODUCTS_DIR}/gRPC-Core/grpc.framework",
				"${BUILT_PRODUCTS_DIR}/leveldb-library/leveldb.framework",
				"${BUILT_PRODUCTS_DIR}/nanopb/nanopb.framework",
			);
			name = "[CP] Embed Pods Frameworks";
			outputFileListPaths = (
			);
			outputPaths = (
				"${TARGET_BUILD_DIR}/${FRAMEWORKS_FOLDER_PATH}/openssl_grpc.framework",
				"${TARGET_BUILD_DIR}/${FRAMEWORKS_FOLDER_PATH}/GTMSessionFetcher.framework",
				"${TARGET_BUILD_DIR}/${FRAMEWORKS_FOLDER_PATH}/GoogleAPIClientForREST.framework",
				"${TARGET_BUILD_DIR}/${FRAMEWORKS_FOLDER_PATH}/GoogleToolboxForMac.framework",
				"${TARGET_BUILD_DIR}/${FRAMEWORKS_FOLDER_PATH}/GoogleUtilities.framework",
				"${TARGET_BUILD_DIR}/${FRAMEWORKS_FOLDER_PATH}/Protobuf.framework",
				"${TARGET_BUILD_DIR}/${FRAMEWORKS_FOLDER_PATH}/SDWebImage.framework",
				"${TARGET_BUILD_DIR}/${FRAMEWORKS_FOLDER_PATH}/SwipeNavigationController.framework",
				"${TARGET_BUILD_DIR}/${FRAMEWORKS_FOLDER_PATH}/grpcpp.framework",
				"${TARGET_BUILD_DIR}/${FRAMEWORKS_FOLDER_PATH}/grpc.framework",
				"${TARGET_BUILD_DIR}/${FRAMEWORKS_FOLDER_PATH}/leveldb.framework",
				"${TARGET_BUILD_DIR}/${FRAMEWORKS_FOLDER_PATH}/nanopb.framework",
			);
			runOnlyForDeploymentPostprocessing = 0;
			shellPath = /bin/sh;
			shellScript = "\"${PODS_ROOT}/Target Support Files/Pods-yologle/Pods-yologle-frameworks.sh\"\n";
			showEnvVarsInLog = 0;
		};
/* End PBXShellScriptBuildPhase section */

/* Begin PBXSourcesBuildPhase section */
		918EEA6A2280EC8C00920FF8 /* Sources */ = {
			isa = PBXSourcesBuildPhase;
			buildActionMask = 2147483647;
			files = (
				918EEA742280EC8D00920FF8 /* ViewController.swift in Sources */,
				9100EEB72288FAD4008DD267 /* ActionManager.swift in Sources */,
				91A655C22284DF1A00DEFCEB /* SetActionViewController.swift in Sources */,
				9186A9B6228122BF0095FB60 /* CameraController.swift in Sources */,
				9186A9C2228231240095FB60 /* UserManager.swift in Sources */,
				91F40882228BA7C300ACCE92 /* PerformanceHUDView.swift in Sources */,
				9186A9BE2281E8DE0095FB60 /* AccountViewController.swift in Sources */,
				91F40880228B96AB00ACCE92 /* OverlayYOLOView.swift in Sources */,
				9186A9BF2281E8DE0095FB60 /* TermsViewController.swift in Sources */,
				917C873422833F18002BF37F /* SwipeViewController.swift in Sources */,
				918EEA972280F67C00920FF8 /* ActionViewController.swift in Sources */,
				918EEA722280EC8D00920FF8 /* AppDelegate.swift in Sources */,
				918EEAA02280FB2A00920FF8 /* MFColors.swift in Sources */,
				918EEAA32280FBA800920FF8 /* DataSetManager.swift in Sources */,
				918EEAA12280FB2A00920FF8 /* MFButtons.swift in Sources */,
				918EEA992280F69000920FF8 /* SettingsViewController.swift in Sources */,
				918EEA9D2280FB0500920FF8 /* MFPolyEdit.swift in Sources */,
				91F4087E228B3FC300ACCE92 /* OverlayTextView.swift in Sources */,
				918EEA9B2280F9E600920FF8 /* PolyCatViewController.swift in Sources */,
				9186A9B922812B660095FB60 /* ObjectDetector.mlmodel in Sources */,
			);
			runOnlyForDeploymentPostprocessing = 0;
		};
		918EEA7E2280EC8F00920FF8 /* Sources */ = {
			isa = PBXSourcesBuildPhase;
			buildActionMask = 2147483647;
			files = (
				918EEA872280EC8F00920FF8 /* yologleTests.swift in Sources */,
			);
			runOnlyForDeploymentPostprocessing = 0;
		};
/* End PBXSourcesBuildPhase section */

/* Begin PBXTargetDependency section */
		918EEA842280EC8F00920FF8 /* PBXTargetDependency */ = {
			isa = PBXTargetDependency;
			target = 918EEA6D2280EC8C00920FF8 /* yologle */;
			targetProxy = 918EEA832280EC8F00920FF8 /* PBXContainerItemProxy */;
		};
/* End PBXTargetDependency section */

/* Begin PBXVariantGroup section */
		918EEA752280EC8D00920FF8 /* Main.storyboard */ = {
			isa = PBXVariantGroup;
			children = (
				918EEA762280EC8D00920FF8 /* Base */,
			);
			name = Main.storyboard;
			sourceTree = "<group>";
		};
		918EEA7A2280EC8F00920FF8 /* LaunchScreen.storyboard */ = {
			isa = PBXVariantGroup;
			children = (
				918EEA7B2280EC8F00920FF8 /* Base */,
			);
			name = LaunchScreen.storyboard;
			sourceTree = "<group>";
		};
/* End PBXVariantGroup section */

/* Begin XCBuildConfiguration section */
		918EEA892280EC8F00920FF8 /* Debug */ = {
			isa = XCBuildConfiguration;
			buildSettings = {
				ALWAYS_SEARCH_USER_PATHS = NO;
				CLANG_ANALYZER_NONNULL = YES;
				CLANG_ANALYZER_NUMBER_OBJECT_CONVERSION = YES_AGGRESSIVE;
				CLANG_CXX_LANGUAGE_STANDARD = "gnu++14";
				CLANG_CXX_LIBRARY = "libc++";
				CLANG_ENABLE_MODULES = YES;
				CLANG_ENABLE_OBJC_ARC = YES;
				CLANG_ENABLE_OBJC_WEAK = YES;
				CLANG_WARN_BLOCK_CAPTURE_AUTORELEASING = YES;
				CLANG_WARN_BOOL_CONVERSION = YES;
				CLANG_WARN_COMMA = YES;
				CLANG_WARN_CONSTANT_CONVERSION = YES;
				CLANG_WARN_DEPRECATED_OBJC_IMPLEMENTATIONS = YES;
				CLANG_WARN_DIRECT_OBJC_ISA_USAGE = YES_ERROR;
				CLANG_WARN_DOCUMENTATION_COMMENTS = YES;
				CLANG_WARN_EMPTY_BODY = YES;
				CLANG_WARN_ENUM_CONVERSION = YES;
				CLANG_WARN_INFINITE_RECURSION = YES;
				CLANG_WARN_INT_CONVERSION = YES;
				CLANG_WARN_NON_LITERAL_NULL_CONVERSION = YES;
				CLANG_WARN_OBJC_IMPLICIT_RETAIN_SELF = YES;
				CLANG_WARN_OBJC_LITERAL_CONVERSION = YES;
				CLANG_WARN_OBJC_ROOT_CLASS = YES_ERROR;
				CLANG_WARN_RANGE_LOOP_ANALYSIS = YES;
				CLANG_WARN_STRICT_PROTOTYPES = YES;
				CLANG_WARN_SUSPICIOUS_MOVE = YES;
				CLANG_WARN_UNGUARDED_AVAILABILITY = YES_AGGRESSIVE;
				CLANG_WARN_UNREACHABLE_CODE = YES;
				CLANG_WARN__DUPLICATE_METHOD_MATCH = YES;
				CODE_SIGN_IDENTITY = "iPhone Developer";
				COPY_PHASE_STRIP = NO;
				DEBUG_INFORMATION_FORMAT = dwarf;
				ENABLE_STRICT_OBJC_MSGSEND = YES;
				ENABLE_TESTABILITY = YES;
				GCC_C_LANGUAGE_STANDARD = gnu11;
				GCC_DYNAMIC_NO_PIC = NO;
				GCC_NO_COMMON_BLOCKS = YES;
				GCC_OPTIMIZATION_LEVEL = 0;
				GCC_PREPROCESSOR_DEFINITIONS = (
					"DEBUG=1",
					"$(inherited)",
				);
				GCC_WARN_64_TO_32_BIT_CONVERSION = YES;
				GCC_WARN_ABOUT_RETURN_TYPE = YES_ERROR;
				GCC_WARN_UNDECLARED_SELECTOR = YES;
				GCC_WARN_UNINITIALIZED_AUTOS = YES_AGGRESSIVE;
				GCC_WARN_UNUSED_FUNCTION = YES;
				GCC_WARN_UNUSED_VARIABLE = YES;
				IPHONEOS_DEPLOYMENT_TARGET = 12.1;
				MTL_ENABLE_DEBUG_INFO = INCLUDE_SOURCE;
				MTL_FAST_MATH = YES;
				ONLY_ACTIVE_ARCH = YES;
				SDKROOT = iphoneos;
				SWIFT_ACTIVE_COMPILATION_CONDITIONS = DEBUG;
				SWIFT_OPTIMIZATION_LEVEL = "-Onone";
			};
			name = Debug;
		};
		918EEA8A2280EC8F00920FF8 /* Release */ = {
			isa = XCBuildConfiguration;
			buildSettings = {
				ALWAYS_SEARCH_USER_PATHS = NO;
				CLANG_ANALYZER_NONNULL = YES;
				CLANG_ANALYZER_NUMBER_OBJECT_CONVERSION = YES_AGGRESSIVE;
				CLANG_CXX_LANGUAGE_STANDARD = "gnu++14";
				CLANG_CXX_LIBRARY = "libc++";
				CLANG_ENABLE_MODULES = YES;
				CLANG_ENABLE_OBJC_ARC = YES;
				CLANG_ENABLE_OBJC_WEAK = YES;
				CLANG_WARN_BLOCK_CAPTURE_AUTORELEASING = YES;
				CLANG_WARN_BOOL_CONVERSION = YES;
				CLANG_WARN_COMMA = YES;
				CLANG_WARN_CONSTANT_CONVERSION = YES;
				CLANG_WARN_DEPRECATED_OBJC_IMPLEMENTATIONS = YES;
				CLANG_WARN_DIRECT_OBJC_ISA_USAGE = YES_ERROR;
				CLANG_WARN_DOCUMENTATION_COMMENTS = YES;
				CLANG_WARN_EMPTY_BODY = YES;
				CLANG_WARN_ENUM_CONVERSION = YES;
				CLANG_WARN_INFINITE_RECURSION = YES;
				CLANG_WARN_INT_CONVERSION = YES;
				CLANG_WARN_NON_LITERAL_NULL_CONVERSION = YES;
				CLANG_WARN_OBJC_IMPLICIT_RETAIN_SELF = YES;
				CLANG_WARN_OBJC_LITERAL_CONVERSION = YES;
				CLANG_WARN_OBJC_ROOT_CLASS = YES_ERROR;
				CLANG_WARN_RANGE_LOOP_ANALYSIS = YES;
				CLANG_WARN_STRICT_PROTOTYPES = YES;
				CLANG_WARN_SUSPICIOUS_MOVE = YES;
				CLANG_WARN_UNGUARDED_AVAILABILITY = YES_AGGRESSIVE;
				CLANG_WARN_UNREACHABLE_CODE = YES;
				CLANG_WARN__DUPLICATE_METHOD_MATCH = YES;
				CODE_SIGN_IDENTITY = "iPhone Developer";
				COPY_PHASE_STRIP = NO;
				DEBUG_INFORMATION_FORMAT = "dwarf-with-dsym";
				ENABLE_NS_ASSERTIONS = NO;
				ENABLE_STRICT_OBJC_MSGSEND = YES;
				GCC_C_LANGUAGE_STANDARD = gnu11;
				GCC_NO_COMMON_BLOCKS = YES;
				GCC_WARN_64_TO_32_BIT_CONVERSION = YES;
				GCC_WARN_ABOUT_RETURN_TYPE = YES_ERROR;
				GCC_WARN_UNDECLARED_SELECTOR = YES;
				GCC_WARN_UNINITIALIZED_AUTOS = YES_AGGRESSIVE;
				GCC_WARN_UNUSED_FUNCTION = YES;
				GCC_WARN_UNUSED_VARIABLE = YES;
				IPHONEOS_DEPLOYMENT_TARGET = 12.1;
				MTL_ENABLE_DEBUG_INFO = NO;
				MTL_FAST_MATH = YES;
				SDKROOT = iphoneos;
				SWIFT_COMPILATION_MODE = wholemodule;
				SWIFT_OPTIMIZATION_LEVEL = "-O";
				VALIDATE_PRODUCT = YES;
			};
			name = Release;
		};
		918EEA8C2280EC8F00920FF8 /* Debug */ = {
			isa = XCBuildConfiguration;
			baseConfigurationReference = 30F40DECC45A330E2F9DC548 /* Pods-yologle.debug.xcconfig */;
			buildSettings = {
				ASSETCATALOG_COMPILER_APPICON_NAME = AppIcon;
				CODE_SIGN_ENTITLEMENTS = yologle/Support/yologle.entitlements;
				CODE_SIGN_STYLE = Automatic;
				DEVELOPMENT_TEAM = 4W8SEMVXD2;
				INFOPLIST_FILE = "$(SRCROOT)/yologle/Support/Info.plist";
				LD_RUNPATH_SEARCH_PATHS = (
					"$(inherited)",
					"@executable_path/Frameworks",
				);
				PRODUCT_BUNDLE_IDENTIFIER = com.mobileflowllc.yologle;
				PRODUCT_NAME = "$(TARGET_NAME)";
				SWIFT_VERSION = 4.2;
				TARGETED_DEVICE_FAMILY = 1;
			};
			name = Debug;
		};
		918EEA8D2280EC8F00920FF8 /* Release */ = {
			isa = XCBuildConfiguration;
			baseConfigurationReference = 9542E64E2F0D2EB969D5D4CA /* Pods-yologle.release.xcconfig */;
			buildSettings = {
				ASSETCATALOG_COMPILER_APPICON_NAME = AppIcon;
				CODE_SIGN_ENTITLEMENTS = yologle/Support/yologle.entitlements;
				CODE_SIGN_STYLE = Automatic;
				DEVELOPMENT_TEAM = 4W8SEMVXD2;
				INFOPLIST_FILE = "$(SRCROOT)/yologle/Support/Info.plist";
				LD_RUNPATH_SEARCH_PATHS = (
					"$(inherited)",
					"@executable_path/Frameworks",
				);
				PRODUCT_BUNDLE_IDENTIFIER = com.mobileflowllc.yologle;
				PRODUCT_NAME = "$(TARGET_NAME)";
				SWIFT_VERSION = 4.2;
				TARGETED_DEVICE_FAMILY = 1;
			};
			name = Release;
		};
		918EEA8F2280EC8F00920FF8 /* Debug */ = {
			isa = XCBuildConfiguration;
			baseConfigurationReference = 179B143F114C07F7032FE172 /* Pods-yologleTests.debug.xcconfig */;
			buildSettings = {
				ALWAYS_EMBED_SWIFT_STANDARD_LIBRARIES = YES;
				BUNDLE_LOADER = "$(TEST_HOST)";
				CODE_SIGN_STYLE = Automatic;
				DEVELOPMENT_TEAM = 4W8SEMVXD2;
				INFOPLIST_FILE = yologleTests/Info.plist;
				LD_RUNPATH_SEARCH_PATHS = (
					"$(inherited)",
					"@executable_path/Frameworks",
					"@loader_path/Frameworks",
				);
				PRODUCT_BUNDLE_IDENTIFIER = com.mobileflowllc.yologleTests;
				PRODUCT_NAME = "$(TARGET_NAME)";
				SWIFT_VERSION = 4.2;
				TARGETED_DEVICE_FAMILY = "1,2";
				TEST_HOST = "$(BUILT_PRODUCTS_DIR)/yologle.app/yologle";
			};
			name = Debug;
		};
		918EEA902280EC8F00920FF8 /* Release */ = {
			isa = XCBuildConfiguration;
			baseConfigurationReference = 361CDBD25A0B9683BA7E3568 /* Pods-yologleTests.release.xcconfig */;
			buildSettings = {
				ALWAYS_EMBED_SWIFT_STANDARD_LIBRARIES = YES;
				BUNDLE_LOADER = "$(TEST_HOST)";
				CODE_SIGN_STYLE = Automatic;
				DEVELOPMENT_TEAM = 4W8SEMVXD2;
				INFOPLIST_FILE = yologleTests/Info.plist;
				LD_RUNPATH_SEARCH_PATHS = (
					"$(inherited)",
					"@executable_path/Frameworks",
					"@loader_path/Frameworks",
				);
				PRODUCT_BUNDLE_IDENTIFIER = com.mobileflowllc.yologleTests;
				PRODUCT_NAME = "$(TARGET_NAME)";
				SWIFT_VERSION = 4.2;
				TARGETED_DEVICE_FAMILY = "1,2";
				TEST_HOST = "$(BUILT_PRODUCTS_DIR)/yologle.app/yologle";
			};
			name = Release;
		};
/* End XCBuildConfiguration section */

/* Begin XCConfigurationList section */
		918EEA692280EC8C00920FF8 /* Build configuration list for PBXProject "yologle" */ = {
			isa = XCConfigurationList;
			buildConfigurations = (
				918EEA892280EC8F00920FF8 /* Debug */,
				918EEA8A2280EC8F00920FF8 /* Release */,
			);
			defaultConfigurationIsVisible = 0;
			defaultConfigurationName = Debug;
		};
		918EEA8B2280EC8F00920FF8 /* Build configuration list for PBXNativeTarget "yologle" */ = {
			isa = XCConfigurationList;
			buildConfigurations = (
				918EEA8C2280EC8F00920FF8 /* Debug */,
				918EEA8D2280EC8F00920FF8 /* Release */,
			);
			defaultConfigurationIsVisible = 0;
			defaultConfigurationName = Debug;
		};
		918EEA8E2280EC8F00920FF8 /* Build configuration list for PBXNativeTarget "yologleTests" */ = {
			isa = XCConfigurationList;
			buildConfigurations = (
				918EEA8F2280EC8F00920FF8 /* Debug */,
				918EEA902280EC8F00920FF8 /* Release */,
			);
			defaultConfigurationIsVisible = 0;
			defaultConfigurationName = Debug;
		};
/* End XCConfigurationList section */
	};
	rootObject = 918EEA662280EC8C00920FF8 /* Project object */;
}
